// !$*UTF8*$!
{
	archiveVersion = 1;
	classes = {
	};
	objectVersion = 50;
	objects = {

/* Begin PBXBuildFile section */
		B90127B426A8A800009C27C2 /* AppDelegate.swift in Sources */ = {isa = PBXBuildFile; fileRef = B90127B326A8A800009C27C2 /* AppDelegate.swift */; };
		B90127B626A8A800009C27C2 /* SceneDelegate.swift in Sources */ = {isa = PBXBuildFile; fileRef = B90127B526A8A800009C27C2 /* SceneDelegate.swift */; };
		B90127B826A8A800009C27C2 /* ViewController.swift in Sources */ = {isa = PBXBuildFile; fileRef = B90127B726A8A800009C27C2 /* ViewController.swift */; };
		B90127BB26A8A800009C27C2 /* Main.storyboard in Resources */ = {isa = PBXBuildFile; fileRef = B90127B926A8A800009C27C2 /* Main.storyboard */; };
		B90127BD26A8A802009C27C2 /* Assets.xcassets in Resources */ = {isa = PBXBuildFile; fileRef = B90127BC26A8A802009C27C2 /* Assets.xcassets */; };
		B90127C026A8A802009C27C2 /* LaunchScreen.storyboard in Resources */ = {isa = PBXBuildFile; fileRef = B90127BE26A8A802009C27C2 /* LaunchScreen.storyboard */; };
		B90127C826A8A89C009C27C2 /* SignUpViewController.swift in Sources */ = {isa = PBXBuildFile; fileRef = B90127C726A8A89C009C27C2 /* SignUpViewController.swift */; };
		B90127CA26A8A8BC009C27C2 /* LoginViewController.swift in Sources */ = {isa = PBXBuildFile; fileRef = B90127C926A8A8BC009C27C2 /* LoginViewController.swift */; };
		B90127CC26A8A8CC009C27C2 /* HomeViewController.swift in Sources */ = {isa = PBXBuildFile; fileRef = B90127CB26A8A8CC009C27C2 /* HomeViewController.swift */; };
/* End PBXBuildFile section */

/* Begin PBXFileReference section */
		B90127B026A8A800009C27C2 /* CustomerLoginDemo.app */ = {isa = PBXFileReference; explicitFileType = wrapper.application; includeInIndex = 0; path = CustomerLoginDemo.app; sourceTree = BUILT_PRODUCTS_DIR; };
		B90127B326A8A800009C27C2 /* AppDelegate.swift */ = {isa = PBXFileReference; lastKnownFileType = sourcecode.swift; path = AppDelegate.swift; sourceTree = "<group>"; };
		B90127B526A8A800009C27C2 /* SceneDelegate.swift */ = {isa = PBXFileReference; lastKnownFileType = sourcecode.swift; path = SceneDelegate.swift; sourceTree = "<group>"; };
		B90127B726A8A800009C27C2 /* ViewController.swift */ = {isa = PBXFileReference; lastKnownFileType = sourcecode.swift; path = ViewController.swift; sourceTree = "<group>"; };
		B90127BA26A8A800009C27C2 /* Base */ = {isa = PBXFileReference; lastKnownFileType = file.storyboard; name = Base; path = Base.lproj/Main.storyboard; sourceTree = "<group>"; };
		B90127BC26A8A802009C27C2 /* Assets.xcassets */ = {isa = PBXFileReference; lastKnownFileType = folder.assetcatalog; path = Assets.xcassets; sourceTree = "<group>"; };
		B90127BF26A8A802009C27C2 /* Base */ = {isa = PBXFileReference; lastKnownFileType = file.storyboard; name = Base; path = Base.lproj/LaunchScreen.storyboard; sourceTree = "<group>"; };
		B90127C126A8A802009C27C2 /* Info.plist */ = {isa = PBXFileReference; lastKnownFileType = text.plist.xml; path = Info.plist; sourceTree = "<group>"; };
		B90127C726A8A89C009C27C2 /* SignUpViewController.swift */ = {isa = PBXFileReference; lastKnownFileType = sourcecode.swift; path = SignUpViewController.swift; sourceTree = "<group>"; };
		B90127C926A8A8BC009C27C2 /* LoginViewController.swift */ = {isa = PBXFileReference; lastKnownFileType = sourcecode.swift; path = LoginViewController.swift; sourceTree = "<group>"; };
		B90127CB26A8A8CC009C27C2 /* HomeViewController.swift */ = {isa = PBXFileReference; lastKnownFileType = sourcecode.swift; path = HomeViewController.swift; sourceTree = "<group>"; };
/* End PBXFileReference section */

/* Begin PBXFrameworksBuildPhase section */
		B90127AD26A8A800009C27C2 /* Frameworks */ = {
			isa = PBXFrameworksBuildPhase;
			buildActionMask = 2147483647;
			files = (
			);
			runOnlyForDeploymentPostprocessing = 0;
		};
/* End PBXFrameworksBuildPhase section */

/* Begin PBXGroup section */
		B90127A726A8A800009C27C2 = {
			isa = PBXGroup;
			children = (
				B90127B226A8A800009C27C2 /* CustomerLoginDemo */,
				B90127B126A8A800009C27C2 /* Products */,
			);
			sourceTree = "<group>";
		};
		B90127B126A8A800009C27C2 /* Products */ = {
			isa = PBXGroup;
			children = (
				B90127B026A8A800009C27C2 /* CustomerLoginDemo.app */,
			);
			name = Products;
			sourceTree = "<group>";
		};
		B90127B226A8A800009C27C2 /* CustomerLoginDemo */ = {
			isa = PBXGroup;
			children = (
				B90127B326A8A800009C27C2 /* AppDelegate.swift */,
				B90127B526A8A800009C27C2 /* SceneDelegate.swift */,
				B90127CD26A8A8D1009C27C2 /* View Controllers */,
				B90127B926A8A800009C27C2 /* Main.storyboard */,
				B90127BC26A8A802009C27C2 /* Assets.xcassets */,
				B90127BE26A8A802009C27C2 /* LaunchScreen.storyboard */,
				B90127C126A8A802009C27C2 /* Info.plist */,
			);
			path = CustomerLoginDemo;
			sourceTree = "<group>";
		};
		B90127CD26A8A8D1009C27C2 /* View Controllers */ = {
			isa = PBXGroup;
			children = (
				B90127C726A8A89C009C27C2 /* SignUpViewController.swift */,
				B90127C926A8A8BC009C27C2 /* LoginViewController.swift */,
				B90127CB26A8A8CC009C27C2 /* HomeViewController.swift */,
				B90127B726A8A800009C27C2 /* ViewController.swift */,
			);
			path = "View Controllers";
			sourceTree = "<group>";
		};
/* End PBXGroup section */

/* Begin PBXNativeTarget section */
		B90127AF26A8A800009C27C2 /* CustomerLoginDemo */ = {
			isa = PBXNativeTarget;
			buildConfigurationList = B90127C426A8A802009C27C2 /* Build configuration list for PBXNativeTarget "CustomerLoginDemo" */;
			buildPhases = (
				B90127AC26A8A800009C27C2 /* Sources */,
				B90127AD26A8A800009C27C2 /* Frameworks */,
				B90127AE26A8A800009C27C2 /* Resources */,
			);
			buildRules = (
			);
			dependencies = (
			);
			name = CustomerLoginDemo;
			productName = CustomerLoginDemo;
			productReference = B90127B026A8A800009C27C2 /* CustomerLoginDemo.app */;
			productType = "com.apple.product-type.application";
		};
/* End PBXNativeTarget section */

/* Begin PBXProject section */
		B90127A826A8A800009C27C2 /* Project object */ = {
			isa = PBXProject;
			attributes = {
				LastSwiftUpdateCheck = 1250;
				LastUpgradeCheck = 1250;
				TargetAttributes = {
					B90127AF26A8A800009C27C2 = {
						CreatedOnToolsVersion = 12.5.1;
					};
				};
			};
			buildConfigurationList = B90127AB26A8A800009C27C2 /* Build configuration list for PBXProject "CustomerLoginDemo" */;
			compatibilityVersion = "Xcode 9.3";
			developmentRegion = en;
			hasScannedForEncodings = 0;
			knownRegions = (
				en,
				Base,
			);
			mainGroup = B90127A726A8A800009C27C2;
			productRefGroup = B90127B126A8A800009C27C2 /* Products */;
			projectDirPath = "";
			projectRoot = "";
			targets = (
				B90127AF26A8A800009C27C2 /* CustomerLoginDemo */,
			);
		};
/* End PBXProject section */

/* Begin PBXResourcesBuildPhase section */
		B90127AE26A8A800009C27C2 /* Resources */ = {
			isa = PBXResourcesBuildPhase;
			buildActionMask = 2147483647;
			files = (
				B90127C026A8A802009C27C2 /* LaunchScreen.storyboard in Resources */,
				B90127BD26A8A802009C27C2 /* Assets.xcassets in Resources */,
				B90127BB26A8A800009C27C2 /* Main.storyboard in Resources */,
			);
			runOnlyForDeploymentPostprocessing = 0;
		};
/* End PBXResourcesBuildPhase section */

/* Begin PBXSourcesBuildPhase section */
		B90127AC26A8A800009C27C2 /* Sources */ = {
			isa = PBXSourcesBuildPhase;
			buildActionMask = 2147483647;
			files = (
				B90127B826A8A800009C27C2 /* ViewController.swift in Sources */,
				B90127B426A8A800009C27C2 /* AppDelegate.swift in Sources */,
				B90127C826A8A89C009C27C2 /* SignUpViewController.swift in Sources */,
				B90127CA26A8A8BC009C27C2 /* LoginViewController.swift in Sources */,
				B90127B626A8A800009C27C2 /* SceneDelegate.swift in Sources */,
				B90127CC26A8A8CC009C27C2 /* HomeViewController.swift in Sources */,
			);
			runOnlyForDeploymentPostprocessing = 0;
		};
/* End PBXSourcesBuildPhase section */

/* Begin PBXVariantGroup section */
		B90127B926A8A800009C27C2 /* Main.storyboard */ = {
			isa = PBXVariantGroup;
			children = (
				B90127BA26A8A800009C27C2 /* Base */,
			);
			name = Main.storyboard;
			sourceTree = "<group>";
		};
		B90127BE26A8A802009C27C2 /* LaunchScreen.storyboard */ = {
			isa = PBXVariantGroup;
			children = (
				B90127BF26A8A802009C27C2 /* Base */,
			);
			name = LaunchScreen.storyboard;
			sourceTree = "<group>";
		};
/* End PBXVariantGroup section */

/* Begin XCBuildConfiguration section */
		B90127C226A8A802009C27C2 /* Debug */ = {
			isa = XCBuildConfiguration;
			buildSettings = {
				ALWAYS_SEARCH_USER_PATHS = NO;
				CLANG_ANALYZER_NONNULL = YES;
				CLANG_ANALYZER_NUMBER_OBJECT_CONVERSION = YES_AGGRESSIVE;
				CLANG_CXX_LANGUAGE_STANDARD = "gnu++14";
				CLANG_CXX_LIBRARY = "libc++";
				CLANG_ENABLE_MODULES = YES;
				CLANG_ENABLE_OBJC_ARC = YES;
				CLANG_ENABLE_OBJC_WEAK = YES;
				CLANG_WARN_BLOCK_CAPTURE_AUTORELEASING = YES;
				CLANG_WARN_BOOL_CONVERSION = YES;
				CLANG_WARN_COMMA = YES;
				CLANG_WARN_CONSTANT_CONVERSION = YES;
				CLANG_WARN_DEPRECATED_OBJC_IMPLEMENTATIONS = YES;
				CLANG_WARN_DIRECT_OBJC_ISA_USAGE = YES_ERROR;
				CLANG_WARN_DOCUMENTATION_COMMENTS = YES;
				CLANG_WARN_EMPTY_BODY = YES;
				CLANG_WARN_ENUM_CONVERSION = YES;
				CLANG_WARN_INFINITE_RECURSION = YES;
				CLANG_WARN_INT_CONVERSION = YES;
				CLANG_WARN_NON_LITERAL_NULL_CONVERSION = YES;
				CLANG_WARN_OBJC_IMPLICIT_RETAIN_SELF = YES;
				CLANG_WARN_OBJC_LITERAL_CONVERSION = YES;
				CLANG_WARN_OBJC_ROOT_CLASS = YES_ERROR;
				CLANG_WARN_QUOTED_INCLUDE_IN_FRAMEWORK_HEADER = YES;
				CLANG_WARN_RANGE_LOOP_ANALYSIS = YES;
				CLANG_WARN_STRICT_PROTOTYPES = YES;
				CLANG_WARN_SUSPICIOUS_MOVE = YES;
				CLANG_WARN_UNGUARDED_AVAILABILITY = YES_AGGRESSIVE;
				CLANG_WARN_UNREACHABLE_CODE = YES;
				CLANG_WARN__DUPLICATE_METHOD_MATCH = YES;
				COPY_PHASE_STRIP = NO;
				DEBUG_INFORMATION_FORMAT = dwarf;
				ENABLE_STRICT_OBJC_MSGSEND = YES;
				ENABLE_TESTABILITY = YES;
				GCC_C_LANGUAGE_STANDARD = gnu11;
				GCC_DYNAMIC_NO_PIC = NO;
				GCC_NO_COMMON_BLOCKS = YES;
				GCC_OPTIMIZATION_LEVEL = 0;
				GCC_PREPROCESSOR_DEFINITIONS = (
					"DEBUG=1",
					"$(inherited)",
				);
				GCC_WARN_64_TO_32_BIT_CONVERSION = YES;
				GCC_WARN_ABOUT_RETURN_TYPE = YES_ERROR;
				GCC_WARN_UNDECLARED_SELECTOR = YES;
				GCC_WARN_UNINITIALIZED_AUTOS = YES_AGGRESSIVE;
				GCC_WARN_UNUSED_FUNCTION = YES;
				GCC_WARN_UNUSED_VARIABLE = YES;
				IPHONEOS_DEPLOYMENT_TARGET = 14.5;
				MTL_ENABLE_DEBUG_INFO = INCLUDE_SOURCE;
				MTL_FAST_MATH = YES;
				ONLY_ACTIVE_ARCH = YES;
				SDKROOT = iphoneos;
				SWIFT_ACTIVE_COMPILATION_CONDITIONS = DEBUG;
				SWIFT_OPTIMIZATION_LEVEL = "-Onone";
			};
			name = Debug;
		};
		B90127C326A8A802009C27C2 /* Release */ = {
			isa = XCBuildConfiguration;
			buildSettings = {
				ALWAYS_SEARCH_USER_PATHS = NO;
				CLANG_ANALYZER_NONNULL = YES;
				CLANG_ANALYZER_NUMBER_OBJECT_CONVERSION = YES_AGGRESSIVE;
				CLANG_CXX_LANGUAGE_STANDARD = "gnu++14";
				CLANG_CXX_LIBRARY = "libc++";
				CLANG_ENABLE_MODULES = YES;
				CLANG_ENABLE_OBJC_ARC = YES;
				CLANG_ENABLE_OBJC_WEAK = YES;
				CLANG_WARN_BLOCK_CAPTURE_AUTORELEASING = YES;
				CLANG_WARN_BOOL_CONVERSION = YES;
				CLANG_WARN_COMMA = YES;
				CLANG_WARN_CONSTANT_CONVERSION = YES;
				CLANG_WARN_DEPRECATED_OBJC_IMPLEMENTATIONS = YES;
				CLANG_WARN_DIRECT_OBJC_ISA_USAGE = YES_ERROR;
				CLANG_WARN_DOCUMENTATION_COMMENTS = YES;
				CLANG_WARN_EMPTY_BODY = YES;
				CLANG_WARN_ENUM_CONVERSION = YES;
				CLANG_WARN_INFINITE_RECURSION = YES;
				CLANG_WARN_INT_CONVERSION = YES;
				CLANG_WARN_NON_LITERAL_NULL_CONVERSION = YES;
				CLANG_WARN_OBJC_IMPLICIT_RETAIN_SELF = YES;
				CLANG_WARN_OBJC_LITERAL_CONVERSION = YES;
				CLANG_WARN_OBJC_ROOT_CLASS = YES_ERROR;
				CLANG_WARN_QUOTED_INCLUDE_IN_FRAMEWORK_HEADER = YES;
				CLANG_WARN_RANGE_LOOP_ANALYSIS = YES;
				CLANG_WARN_STRICT_PROTOTYPES = YES;
				CLANG_WARN_SUSPICIOUS_MOVE = YES;
				CLANG_WARN_UNGUARDED_AVAILABILITY = YES_AGGRESSIVE;
				CLANG_WARN_UNREACHABLE_CODE = YES;
				CLANG_WARN__DUPLICATE_METHOD_MATCH = YES;
				COPY_PHASE_STRIP = NO;
				DEBUG_INFORMATION_FORMAT = "dwarf-with-dsym";
				ENABLE_NS_ASSERTIONS = NO;
				ENABLE_STRICT_OBJC_MSGSEND = YES;
				GCC_C_LANGUAGE_STANDARD = gnu11;
				GCC_NO_COMMON_BLOCKS = YES;
				GCC_WARN_64_TO_32_BIT_CONVERSION = YES;
				GCC_WARN_ABOUT_RETURN_TYPE = YES_ERROR;
				GCC_WARN_UNDECLARED_SELECTOR = YES;
				GCC_WARN_UNINITIALIZED_AUTOS = YES_AGGRESSIVE;
				GCC_WARN_UNUSED_FUNCTION = YES;
				GCC_WARN_UNUSED_VARIABLE = YES;
				IPHONEOS_DEPLOYMENT_TARGET = 14.5;
				MTL_ENABLE_DEBUG_INFO = NO;
				MTL_FAST_MATH = YES;
				SDKROOT = iphoneos;
				SWIFT_COMPILATION_MODE = wholemodule;
				SWIFT_OPTIMIZATION_LEVEL = "-O";
				VALIDATE_PRODUCT = YES;
			};
			name = Release;
		};
		B90127C526A8A802009C27C2 /* Debug */ = {
			isa = XCBuildConfiguration;
			buildSettings = {
				ASSETCATALOG_COMPILER_APPICON_NAME = AppIcon;
				ASSETCATALOG_COMPILER_GLOBAL_ACCENT_COLOR_NAME = AccentColor;
				CODE_SIGN_STYLE = Automatic;
				INFOPLIST_FILE = CustomerLoginDemo/Info.plist;
				LD_RUNPATH_SEARCH_PATHS = (
					"$(inherited)",
					"@executable_path/Frameworks",
				);
				PRODUCT_BUNDLE_IDENTIFIER = com.harveyduperier.CustomerLoginDemo;
				PRODUCT_NAME = "$(TARGET_NAME)";
				SWIFT_VERSION = 5.0;
				TARGETED_DEVICE_FAMILY = "1,2";
			};
			name = Debug;
		};
		B90127C626A8A802009C27C2 /* Release */ = {
			isa = XCBuildConfiguration;
			buildSettings = {
				ASSETCATALOG_COMPILER_APPICON_NAME = AppIcon;
				ASSETCATALOG_COMPILER_GLOBAL_ACCENT_COLOR_NAME = AccentColor;
				CODE_SIGN_STYLE = Automatic;
				INFOPLIST_FILE = CustomerLoginDemo/Info.plist;
				LD_RUNPATH_SEARCH_PATHS = (
					"$(inherited)",
					"@executable_path/Frameworks",
				);
				PRODUCT_BUNDLE_IDENTIFIER = com.harveyduperier.CustomerLoginDemo;
				PRODUCT_NAME = "$(TARGET_NAME)";
				SWIFT_VERSION = 5.0;
				TARGETED_DEVICE_FAMILY = "1,2";
			};
			name = Release;
		};
/* End XCBuildConfiguration section */

/* Begin XCConfigurationList section */
		B90127AB26A8A800009C27C2 /* Build configuration list for PBXProject "CustomerLoginDemo" */ = {
			isa = XCConfigurationList;
			buildConfigurations = (
				B90127C226A8A802009C27C2 /* Debug */,
				B90127C326A8A802009C27C2 /* Release */,
			);
			defaultConfigurationIsVisible = 0;
			defaultConfigurationName = Release;
		};
		B90127C426A8A802009C27C2 /* Build configuration list for PBXNativeTarget "CustomerLoginDemo" */ = {
			isa = XCConfigurationList;
			buildConfigurations = (
				B90127C526A8A802009C27C2 /* Debug */,
				B90127C626A8A802009C27C2 /* Release */,
			);
			defaultConfigurationIsVisible = 0;
			defaultConfigurationName = Release;
		};
/* End XCConfigurationList section */
	};
	rootObject = B90127A826A8A800009C27C2 /* Project object */;
}
